
Microsoft Visual Studio Solution File, Format Version 12.00
# Visual Studio Version 17
VisualStudioVersion = 17.4.33213.308
MinimumVisualStudioVersion = 10.0.40219.1
Project("{FAE04EC0-301F-11D3-BF4B-00C04F79EFBC}") = "CrudTest", "CrudTest\CrudTest.csproj", "{9D839852-4E2D-44E9-AD9F-62CEE432A508}"
EndProject
Global
	GlobalSection(SolutionConfigurationPlatforms) = preSolution
		Debug|Any CPU = Debug|Any CPU
		Release|Any CPU = Release|Any CPU
	EndGlobalSection
	GlobalSection(ProjectConfigurationPlatforms) = postSolution
		{9D839852-4E2D-44E9-AD9F-62CEE432A508}.Debug|Any CPU.ActiveCfg = Debug|Any CPU
		{9D839852-4E2D-44E9-AD9F-62CEE432A508}.Debug|Any CPU.Build.0 = Debug|Any CPU
		{9D839852-4E2D-44E9-AD9F-62CEE432A508}.Release|Any CPU.ActiveCfg = Release|Any CPU
		{9D839852-4E2D-44E9-AD9F-62CEE432A508}.Release|Any CPU.Build.0 = Release|Any CPU
	EndGlobalSection
	GlobalSection(SolutionProperties) = preSolution
		HideSolutionNode = FALSE
	EndGlobalSection
	GlobalSection(ExtensibilityGlobals) = postSolution
		SolutionGuid = {54907F11-4118-4E89-87EC-FFB5EC13D638}
	EndGlobalSection
EndGlobal
